<?xml version="1.0" encoding="utf-8"?>
<Project ToolsVersion="4.0" xmlns="http://schemas.microsoft.com/developer/msbuild/2003">
  <ItemGroup>
    <Filter Include="Source Files">
      <UniqueIdentifier>{4FC737F1-C7A5-4376-A066-2A32D752A2FF}</UniqueIdentifier>
      <Extensions>cpp;c;cc;cxx;def;odl;idl;hpj;bat;asm;asmx</Extensions>
    </Filter>
    <Filter Include="Header Files">
      <UniqueIdentifier>{93995380-89BD-4b04-88EB-625FBE52EBFB}</UniqueIdentifier>
      <Extensions>h;hh;hpp;hxx;hm;inl;inc;xsd</Extensions>
    </Filter>
  </ItemGroup>
  <ItemGroup>
    <ClInclude Include="include\ZGBMain.h">
      <Filter>Header Files</Filter>
    </ClInclude>
    <ClInclude Include="include\InfoStructs.h">
      <Filter>Header Files</Filter>
    </ClInclude>
  </ItemGroup>
  <ItemGroup>
    <ClCompile Include="src\ZGBMain.c">
      <Filter>Source Files</Filter>
    </ClCompile>
    <ClCompile Include="src\StateGame.c">
      <Filter>Source Files</Filter>
    </ClCompile>
    <ClCompile Include="src\SpritePlayer.c">
      <Filter>Source Files</Filter>
    </ClCompile>
    <ClCompile Include="src\SpriteSlash.c">
      <Filter>Source Files</Filter>
    </ClCompile>
    <ClCompile Include="src\SpriteUpgrade.c">
      <Filter>Source Files</Filter>
    </ClCompile>
    <ClCompile Include="src\SpriteUpgradeBeam.c">
      <Filter>Source Files</Filter>
    </ClCompile>
    <ClCompile Include="src\SpriteUpgradeBlock.c">
      <Filter>Source Files</Filter>
    </ClCompile>
    <ClCompile Include="src\SpriteUpgradeDash.c">
      <Filter>Source Files</Filter>
    </ClCompile>
    <ClCompile Include="src\SpriteUpgradeGrip.c">
      <Filter>Source Files</Filter>
    </ClCompile>
    <ClCompile Include="src\SpriteUpgradeLamp.c">
      <Filter>Source Files</Filter>
    </ClCompile>
    <ClCompile Include="src\SpriteUpgradeShrink.c">
      <Filter>Source Files</Filter>
    </ClCompile>
    <ClCompile Include="src\SpriteUpgradeSword.c">
      <Filter>Source Files</Filter>
    </ClCompile>
    <ClCompile Include="src\SpriteUpgradeWing.c">
      <Filter>Source Files</Filter>
    </ClCompile>
    <ClCompile Include="src\SpriteDarkRoom.c">
      <Filter>Source Files</Filter>
    </ClCompile>
    <ClCompile Include="src\SpriteSavePoint.c">
      <Filter>Source Files</Filter>
    </ClCompile>
    <ClCompile Include="src\SpriteBossLamp.c">
      <Filter>Source Files</Filter>
    </ClCompile>
    <ClCompile Include="src\SpritePlayerMenu.c">
      <Filter>Source Files</Filter>
    </ClCompile>
    <ClCompile Include="src\StateMainMenu.c">
      <Filter>Source Files</Filter>
    </ClCompile>
    <ClCompile Include="src\SpriteCursor.c">
      <Filter>Source Files</Filter>
    </ClCompile>
    <ClCompile Include="src\StateEndScreen.c">
      <Filter>Source Files</Filter>
    </ClCompile>
    <ClCompile Include="src\SpriteHeart.c">
      <Filter>Source Files</Filter>
    </ClCompile>
    <ClCompile Include="src\SpriteEnemyBounce.c">
      <Filter>Source Files</Filter>
    </ClCompile>
    <ClCompile Include="src\SpriteEnemyHorizontal.c">
      <Filter>Source Files</Filter>
    </ClCompile>
    <ClCompile Include="src\SpriteEnemyVertical.c">
      <Filter>Source Files</Filter>
    </ClCompile>
    <ClCompile Include="src\SpriteEnemyThorn.c">
      <Filter>Source Files</Filter>
    </ClCompile>
    <ClCompile Include="src\SpriteEnemySwoop.c">
      <Filter>Source Files</Filter>
    </ClCompile>
    <ClCompile Include="src\SpriteEnemyBullet.c">
      <Filter>Source Files</Filter>
    </ClCompile>
    <ClCompile Include="src\StateTrueScreen.c">
      <Filter>Source Files</Filter>
    </ClCompile>
  </ItemGroup>
  <ItemGroup>
    <None Include="src\Makefile" />
  </ItemGroup>
</Project>